
Microsoft Visual Studio Solution File, Format Version 12.00
# Visual Studio Version 16
VisualStudioVersion = 16.0.30104.148
MinimumVisualStudioVersion = 10.0.40219.1
Project("{FAE04EC0-301F-11D3-BF4B-00C04F79EFBC}") = "PokerSolver", "PokerSolver.csproj", "{E2C67876-CE54-4C88-B391-DE504F857DE5}"
EndProject
Global
	GlobalSection(SolutionConfigurationPlatforms) = preSolution
		Debug|Any CPU = Debug|Any CPU
		Release|Any CPU = Release|Any CPU
	EndGlobalSection
	GlobalSection(ProjectConfigurationPlatforms) = postSolution
		{E2C67876-CE54-4C88-B391-DE504F857DE5}.Debug|Any CPU.ActiveCfg = Debug|Any CPU
		{E2C67876-CE54-4C88-B391-DE504F857DE5}.Debug|Any CPU.Build.0 = Debug|Any CPU
		{E2C67876-CE54-4C88-B391-DE504F857DE5}.Release|Any CPU.ActiveCfg = Release|Any CPU
		{E2C67876-CE54-4C88-B391-DE504F857DE5}.Release|Any CPU.Build.0 = Release|Any CPU
	EndGlobalSection
	GlobalSection(SolutionProperties) = preSolution
		HideSolutionNode = FALSE
	EndGlobalSection
	GlobalSection(ExtensibilityGlobals) = postSolution
		SolutionGuid = {43EAF7E2-4CC4-4FB2-AC14-992322025D06}
	EndGlobalSection
EndGlobal
